
Microsoft Visual Studio Solution File, Format Version 12.00
# Visual Studio 15
VisualStudioVersion = 15.0.28307.1259
MinimumVisualStudioVersion = 10.0.40219.1
Project("{FAE04EC0-301F-11D3-BF4B-00C04F79EFBC}") = "CapaLogicaNegocio", "CapaLogicaNegocio\CapaLogicaNegocio.csproj", "{FD5F9DEF-C270-4775-B4F0-844DE937AB1A}"
EndProject
Project("{FAE04EC0-301F-11D3-BF4B-00C04F79EFBC}") = "CapaEntidades", "CapaEntidades\CapaEntidades.csproj", "{409006DA-187E-4FF6-97A7-99E5306B4C02}"
EndProject
Project("{F184B08F-C81C-45F6-A57F-5ABD9991F28F}") = "DataAccess", "DataAcces\DataAccess.vbproj", "{7BA40914-E867-4654-8A5F-AA1460BEC57C}"
EndProject
Project("{2150E333-8FDC-42A3-9474-1A3956D46DE8}") = "Libraries", "Libraries", "{12220213-D125-460D-86DD-0B771AE1AB16}"
	ProjectSection(SolutionItems) = preProject
		Libraries\Microsoft.Practices.EnterpriseLibrary.Common.dll = Libraries\Microsoft.Practices.EnterpriseLibrary.Common.dll
		Libraries\Microsoft.Practices.EnterpriseLibrary.Data.dll = Libraries\Microsoft.Practices.EnterpriseLibrary.Data.dll
		Libraries\Microsoft.Practices.EnterpriseLibrary.Logging.Database.dll = Libraries\Microsoft.Practices.EnterpriseLibrary.Logging.Database.dll
		Libraries\Microsoft.Practices.EnterpriseLibrary.Logging.dll = Libraries\Microsoft.Practices.EnterpriseLibrary.Logging.dll
		Libraries\Microsoft.Practices.ObjectBuilder.dll = Libraries\Microsoft.Practices.ObjectBuilder.dll
	EndProjectSection
EndProject
Project("{FAE04EC0-301F-11D3-BF4B-00C04F79EFBC}") = "CapaPresentacion", "CapaPresentacion\CapaPresentacion.csproj", "{65610AB6-13BA-4082-8FF2-E835908C0F29}"
EndProject
Global
	GlobalSection(SolutionConfigurationPlatforms) = preSolution
		Debug|Any CPU = Debug|Any CPU
		Debug|x86 = Debug|x86
		Release|Any CPU = Release|Any CPU
		Release|x86 = Release|x86
	EndGlobalSection
	GlobalSection(ProjectConfigurationPlatforms) = postSolution
		{FD5F9DEF-C270-4775-B4F0-844DE937AB1A}.Debug|Any CPU.ActiveCfg = Debug|Any CPU
		{FD5F9DEF-C270-4775-B4F0-844DE937AB1A}.Debug|Any CPU.Build.0 = Debug|Any CPU
		{FD5F9DEF-C270-4775-B4F0-844DE937AB1A}.Debug|x86.ActiveCfg = Debug|Any CPU
		{FD5F9DEF-C270-4775-B4F0-844DE937AB1A}.Debug|x86.Build.0 = Debug|Any CPU
		{FD5F9DEF-C270-4775-B4F0-844DE937AB1A}.Release|Any CPU.ActiveCfg = Release|Any CPU
		{FD5F9DEF-C270-4775-B4F0-844DE937AB1A}.Release|Any CPU.Build.0 = Release|Any CPU
		{FD5F9DEF-C270-4775-B4F0-844DE937AB1A}.Release|x86.ActiveCfg = Release|Any CPU
		{FD5F9DEF-C270-4775-B4F0-844DE937AB1A}.Release|x86.Build.0 = Release|Any CPU
		{409006DA-187E-4FF6-97A7-99E5306B4C02}.Debug|Any CPU.ActiveCfg = Debug|Any CPU
		{409006DA-187E-4FF6-97A7-99E5306B4C02}.Debug|Any CPU.Build.0 = Debug|Any CPU
		{409006DA-187E-4FF6-97A7-99E5306B4C02}.Debug|x86.ActiveCfg = Debug|Any CPU
		{409006DA-187E-4FF6-97A7-99E5306B4C02}.Debug|x86.Build.0 = Debug|Any CPU
		{409006DA-187E-4FF6-97A7-99E5306B4C02}.Release|Any CPU.ActiveCfg = Release|Any CPU
		{409006DA-187E-4FF6-97A7-99E5306B4C02}.Release|Any CPU.Build.0 = Release|Any CPU
		{409006DA-187E-4FF6-97A7-99E5306B4C02}.Release|x86.ActiveCfg = Release|Any CPU
		{409006DA-187E-4FF6-97A7-99E5306B4C02}.Release|x86.Build.0 = Release|Any CPU
		{7BA40914-E867-4654-8A5F-AA1460BEC57C}.Debug|Any CPU.ActiveCfg = Debug|Any CPU
		{7BA40914-E867-4654-8A5F-AA1460BEC57C}.Debug|Any CPU.Build.0 = Debug|Any CPU
		{7BA40914-E867-4654-8A5F-AA1460BEC57C}.Debug|x86.ActiveCfg = Debug|Any CPU
		{7BA40914-E867-4654-8A5F-AA1460BEC57C}.Debug|x86.Build.0 = Debug|Any CPU
		{7BA40914-E867-4654-8A5F-AA1460BEC57C}.Release|Any CPU.ActiveCfg = Release|Any CPU
		{7BA40914-E867-4654-8A5F-AA1460BEC57C}.Release|Any CPU.Build.0 = Release|Any CPU
		{7BA40914-E867-4654-8A5F-AA1460BEC57C}.Release|x86.ActiveCfg = Release|Any CPU
		{7BA40914-E867-4654-8A5F-AA1460BEC57C}.Release|x86.Build.0 = Release|Any CPU
		{65610AB6-13BA-4082-8FF2-E835908C0F29}.Debug|Any CPU.ActiveCfg = Debug|Any CPU
		{65610AB6-13BA-4082-8FF2-E835908C0F29}.Debug|Any CPU.Build.0 = Debug|Any CPU
		{65610AB6-13BA-4082-8FF2-E835908C0F29}.Debug|x86.ActiveCfg = Debug|Any CPU
		{65610AB6-13BA-4082-8FF2-E835908C0F29}.Debug|x86.Build.0 = Debug|Any CPU
		{65610AB6-13BA-4082-8FF2-E835908C0F29}.Release|Any CPU.ActiveCfg = Release|Any CPU
		{65610AB6-13BA-4082-8FF2-E835908C0F29}.Release|Any CPU.Build.0 = Release|Any CPU
		{65610AB6-13BA-4082-8FF2-E835908C0F29}.Release|x86.ActiveCfg = Release|Any CPU
		{65610AB6-13BA-4082-8FF2-E835908C0F29}.Release|x86.Build.0 = Release|Any CPU
	EndGlobalSection
	GlobalSection(SolutionProperties) = preSolution
		HideSolutionNode = FALSE
	EndGlobalSection
	GlobalSection(ExtensibilityGlobals) = postSolution
		SolutionGuid = {D90D8EFA-4F31-41DC-812D-0AE5362F1832}
	EndGlobalSection
EndGlobal
